{
  "name": "chainpad-netflux",
  "version": "0.7.5",
  "lockfileVersion": 1,
  "requires": true,
  "dependencies": {
    "netflux-websocket": {
      "version": "0.1.20",
      "resolved": "https://registry.npmjs.org/netflux-websocket/-/netflux-websocket-0.1.20.tgz",
      "integrity": "sha512-svFkw4ol4gmkcXKnx5kF/8tR9mmtTCDzUlLy4mSlcNl/4iWlbDmgwp/+aJ3nqtv8fg12m+DAFGX2+fbC0//dcg=="
    }
  }
}
